
Microsoft Visual Studio Solution File, Format Version 11.00
# Visual Studio 2010
Project("{FAE04EC0-301F-11D3-BF4B-00C04F79EFBC}") = "Publisher", "Publisher\Publisher.csproj", "{9FB11D7D-534F-4C30-A558-6671A1D7B315}"
EndProject
Project("{FAE04EC0-301F-11D3-BF4B-00C04F79EFBC}") = "Common", "Common\Common.csproj", "{97DA5790-84BB-4AA9-BBFC-2D5F0533C186}"
EndProject
Project("{FAE04EC0-301F-11D3-BF4B-00C04F79EFBC}") = "Consumer", "Consumer\Consumer.csproj", "{8B196C5B-C040-42D2-93AE-8D7414A53217}"
EndProject
Global
	GlobalSection(SolutionConfigurationPlatforms) = preSolution
		Debug|Any CPU = Debug|Any CPU
		Debug|Mixed Platforms = Debug|Mixed Platforms
		Debug|x86 = Debug|x86
		Release|Any CPU = Release|Any CPU
		Release|Mixed Platforms = Release|Mixed Platforms
		Release|x86 = Release|x86
	EndGlobalSection
	GlobalSection(ProjectConfigurationPlatforms) = postSolution
		{9FB11D7D-534F-4C30-A558-6671A1D7B315}.Debug|Any CPU.ActiveCfg = Debug|Any CPU
		{9FB11D7D-534F-4C30-A558-6671A1D7B315}.Debug|Any CPU.Build.0 = Debug|Any CPU
		{9FB11D7D-534F-4C30-A558-6671A1D7B315}.Debug|Mixed Platforms.ActiveCfg = Debug|Any CPU
		{9FB11D7D-534F-4C30-A558-6671A1D7B315}.Debug|Mixed Platforms.Build.0 = Debug|Any CPU
		{9FB11D7D-534F-4C30-A558-6671A1D7B315}.Debug|x86.ActiveCfg = Debug|Any CPU
		{9FB11D7D-534F-4C30-A558-6671A1D7B315}.Release|Any CPU.ActiveCfg = Release|Any CPU
		{9FB11D7D-534F-4C30-A558-6671A1D7B315}.Release|Any CPU.Build.0 = Release|Any CPU
		{9FB11D7D-534F-4C30-A558-6671A1D7B315}.Release|Mixed Platforms.ActiveCfg = Release|Any CPU
		{9FB11D7D-534F-4C30-A558-6671A1D7B315}.Release|Mixed Platforms.Build.0 = Release|Any CPU
		{9FB11D7D-534F-4C30-A558-6671A1D7B315}.Release|x86.ActiveCfg = Release|Any CPU
		{97DA5790-84BB-4AA9-BBFC-2D5F0533C186}.Debug|Any CPU.ActiveCfg = Debug|Any CPU
		{97DA5790-84BB-4AA9-BBFC-2D5F0533C186}.Debug|Any CPU.Build.0 = Debug|Any CPU
		{97DA5790-84BB-4AA9-BBFC-2D5F0533C186}.Debug|Mixed Platforms.ActiveCfg = Debug|Any CPU
		{97DA5790-84BB-4AA9-BBFC-2D5F0533C186}.Debug|Mixed Platforms.Build.0 = Debug|Any CPU
		{97DA5790-84BB-4AA9-BBFC-2D5F0533C186}.Debug|x86.ActiveCfg = Debug|Any CPU
		{97DA5790-84BB-4AA9-BBFC-2D5F0533C186}.Release|Any CPU.ActiveCfg = Release|Any CPU
		{97DA5790-84BB-4AA9-BBFC-2D5F0533C186}.Release|Any CPU.Build.0 = Release|Any CPU
		{97DA5790-84BB-4AA9-BBFC-2D5F0533C186}.Release|Mixed Platforms.ActiveCfg = Release|Any CPU
		{97DA5790-84BB-4AA9-BBFC-2D5F0533C186}.Release|Mixed Platforms.Build.0 = Release|Any CPU
		{97DA5790-84BB-4AA9-BBFC-2D5F0533C186}.Release|x86.ActiveCfg = Release|Any CPU
		{8B196C5B-C040-42D2-93AE-8D7414A53217}.Debug|Any CPU.ActiveCfg = Debug|x86
		{8B196C5B-C040-42D2-93AE-8D7414A53217}.Debug|Mixed Platforms.ActiveCfg = Debug|x86
		{8B196C5B-C040-42D2-93AE-8D7414A53217}.Debug|Mixed Platforms.Build.0 = Debug|x86
		{8B196C5B-C040-42D2-93AE-8D7414A53217}.Debug|x86.ActiveCfg = Debug|x86
		{8B196C5B-C040-42D2-93AE-8D7414A53217}.Debug|x86.Build.0 = Debug|x86
		{8B196C5B-C040-42D2-93AE-8D7414A53217}.Release|Any CPU.ActiveCfg = Release|x86
		{8B196C5B-C040-42D2-93AE-8D7414A53217}.Release|Mixed Platforms.ActiveCfg = Release|x86
		{8B196C5B-C040-42D2-93AE-8D7414A53217}.Release|Mixed Platforms.Build.0 = Release|x86
		{8B196C5B-C040-42D2-93AE-8D7414A53217}.Release|x86.ActiveCfg = Release|x86
		{8B196C5B-C040-42D2-93AE-8D7414A53217}.Release|x86.Build.0 = Release|x86
	EndGlobalSection
	GlobalSection(SolutionProperties) = preSolution
		HideSolutionNode = FALSE
	EndGlobalSection
EndGlobal
